
Microsoft Visual Studio Solution File, Format Version 12.00
# Visual Studio Version 17
VisualStudioVersion = 17.0.31903.59
MinimumVisualStudioVersion = 10.0.40219.1
Project("{FAE04EC0-301F-11D3-BF4B-00C04F79EFBC}") = "CrypticRealm.Shell", "CrypticRealm.Shell\CrypticRealm.Shell.csproj", "{8C41D5E2-7A93-4B16-9F20-3D5E1A6B84C7}"
EndProject
Project("{FAE04EC0-301F-11D3-BF4B-00C04F79EFBC}") = "CrypticRealm.Probe", "CrypticRealm.Probe\CrypticRealm.Probe.csproj", "{2B7E4F91-6C33-49A5-8D12-4E9F0A3B67D8}"
EndProject
Global
	GlobalSection(SolutionConfigurationPlatforms) = preSolution
		Debug|x64 = Debug|x64
		Release|x64 = Release|x64
	EndGlobalSection
	GlobalSection(ProjectConfigurationPlatforms) = postSolution
		{2B7E4F91-6C33-49A5-8D12-4E9F0A3B67D8}.Debug|x64.ActiveCfg = Debug|x64
		{2B7E4F91-6C33-49A5-8D12-4E9F0A3B67D8}.Debug|x64.Build.0 = Debug|x64
		{2B7E4F91-6C33-49A5-8D12-4E9F0A3B67D8}.Release|x64.ActiveCfg = Release|x64
		{2B7E4F91-6C33-49A5-8D12-4E9F0A3B67D8}.Release|x64.Build.0 = Release|x64
		{8C41D5E2-7A93-4B16-9F20-3D5E1A6B84C7}.Debug|x64.ActiveCfg = Debug|x64
		{8C41D5E2-7A93-4B16-9F20-3D5E1A6B84C7}.Debug|x64.Build.0 = Debug|x64
		{8C41D5E2-7A93-4B16-9F20-3D5E1A6B84C7}.Debug|x64.Deploy.0 = Debug|x64
		{8C41D5E2-7A93-4B16-9F20-3D5E1A6B84C7}.Release|x64.ActiveCfg = Release|x64
		{8C41D5E2-7A93-4B16-9F20-3D5E1A6B84C7}.Release|x64.Build.0 = Release|x64
		{8C41D5E2-7A93-4B16-9F20-3D5E1A6B84C7}.Release|x64.Deploy.0 = Release|x64
	EndGlobalSection
	GlobalSection(SolutionProperties) = preSolution
		HideSolutionNode = FALSE
	EndGlobalSection
EndGlobal
